
Microsoft Visual Studio Solution File, Format Version 12.00
# Visual Studio Version 16
VisualStudioVersion = 16.0.29806.167
MinimumVisualStudioVersion = 10.0.40219.1
Project("{9A19103F-16F7-4668-BE54-9A1E7A4F7556}") = "Episememe.Api", "Episememe.Api\Episememe.Api.csproj", "{4DA8E77C-86D2-4BF4-8EF8-ECB62A851559}"
EndProject
Project("{2150E333-8FDC-42A3-9474-1A3956D46DE8}") = "src", "src", "{0C07A5AF-2E1C-4726-B20F-E17BACD3291E}"
EndProject
Project("{2150E333-8FDC-42A3-9474-1A3956D46DE8}") = "tests", "tests", "{A25885A7-3352-4696-A290-523A26E0EEC4}"
EndProject
Project("{9A19103F-16F7-4668-BE54-9A1E7A4F7556}") = "Episememe.Infrastructure", "Episememe.Infrastructure\Episememe.Infrastructure.csproj", "{1D2D819F-5B22-493D-B744-E898690EF607}"
EndProject
Project("{9A19103F-16F7-4668-BE54-9A1E7A4F7556}") = "Episememe.Application", "Episememe.Application\Episememe.Application.csproj", "{443A4722-42E6-4338-AA43-E9F75FC58811}"
EndProject
Project("{9A19103F-16F7-4668-BE54-9A1E7A4F7556}") = "Episememe.Domain", "Episememe.Domain\Episememe.Domain.csproj", "{189A5435-4136-4DD6-A660-16A95F0AD079}"
EndProject
Project("{9A19103F-16F7-4668-BE54-9A1E7A4F7556}") = "Episememe.Infrastructure.Tests", "Episememe.Infrastructure.Tests\Episememe.Infrastructure.Tests.csproj", "{6194C29D-9167-48E4-992C-74AF5849CDB9}"
EndProject
Project("{FAE04EC0-301F-11D3-BF4B-00C04F79EFBC}") = "Episememe.Application.Tests", "Episememe.Application.Tests\Episememe.Application.Tests.csproj", "{91D841F9-6420-433B-B8DC-6E783AE109D4}"
EndProject
Global
	GlobalSection(SolutionConfigurationPlatforms) = preSolution
		Debug|Any CPU = Debug|Any CPU
		Release|Any CPU = Release|Any CPU
	EndGlobalSection
	GlobalSection(ProjectConfigurationPlatforms) = postSolution
		{4DA8E77C-86D2-4BF4-8EF8-ECB62A851559}.Debug|Any CPU.ActiveCfg = Debug|Any CPU
		{4DA8E77C-86D2-4BF4-8EF8-ECB62A851559}.Debug|Any CPU.Build.0 = Debug|Any CPU
		{4DA8E77C-86D2-4BF4-8EF8-ECB62A851559}.Release|Any CPU.ActiveCfg = Release|Any CPU
		{4DA8E77C-86D2-4BF4-8EF8-ECB62A851559}.Release|Any CPU.Build.0 = Release|Any CPU
		{1D2D819F-5B22-493D-B744-E898690EF607}.Debug|Any CPU.ActiveCfg = Debug|Any CPU
		{1D2D819F-5B22-493D-B744-E898690EF607}.Debug|Any CPU.Build.0 = Debug|Any CPU
		{1D2D819F-5B22-493D-B744-E898690EF607}.Release|Any CPU.ActiveCfg = Release|Any CPU
		{1D2D819F-5B22-493D-B744-E898690EF607}.Release|Any CPU.Build.0 = Release|Any CPU
		{443A4722-42E6-4338-AA43-E9F75FC58811}.Debug|Any CPU.ActiveCfg = Debug|Any CPU
		{443A4722-42E6-4338-AA43-E9F75FC58811}.Debug|Any CPU.Build.0 = Debug|Any CPU
		{443A4722-42E6-4338-AA43-E9F75FC58811}.Release|Any CPU.ActiveCfg = Release|Any CPU
		{443A4722-42E6-4338-AA43-E9F75FC58811}.Release|Any CPU.Build.0 = Release|Any CPU
		{189A5435-4136-4DD6-A660-16A95F0AD079}.Debug|Any CPU.ActiveCfg = Debug|Any CPU
		{189A5435-4136-4DD6-A660-16A95F0AD079}.Debug|Any CPU.Build.0 = Debug|Any CPU
		{189A5435-4136-4DD6-A660-16A95F0AD079}.Release|Any CPU.ActiveCfg = Release|Any CPU
		{189A5435-4136-4DD6-A660-16A95F0AD079}.Release|Any CPU.Build.0 = Release|Any CPU
		{6194C29D-9167-48E4-992C-74AF5849CDB9}.Debug|Any CPU.ActiveCfg = Debug|Any CPU
		{6194C29D-9167-48E4-992C-74AF5849CDB9}.Debug|Any CPU.Build.0 = Debug|Any CPU
		{6194C29D-9167-48E4-992C-74AF5849CDB9}.Release|Any CPU.ActiveCfg = Release|Any CPU
		{6194C29D-9167-48E4-992C-74AF5849CDB9}.Release|Any CPU.Build.0 = Release|Any CPU
		{91D841F9-6420-433B-B8DC-6E783AE109D4}.Debug|Any CPU.ActiveCfg = Debug|Any CPU
		{91D841F9-6420-433B-B8DC-6E783AE109D4}.Debug|Any CPU.Build.0 = Debug|Any CPU
		{91D841F9-6420-433B-B8DC-6E783AE109D4}.Release|Any CPU.ActiveCfg = Release|Any CPU
		{91D841F9-6420-433B-B8DC-6E783AE109D4}.Release|Any CPU.Build.0 = Release|Any CPU
	EndGlobalSection
	GlobalSection(SolutionProperties) = preSolution
		HideSolutionNode = FALSE
	EndGlobalSection
	GlobalSection(NestedProjects) = preSolution
		{4DA8E77C-86D2-4BF4-8EF8-ECB62A851559} = {0C07A5AF-2E1C-4726-B20F-E17BACD3291E}
		{1D2D819F-5B22-493D-B744-E898690EF607} = {0C07A5AF-2E1C-4726-B20F-E17BACD3291E}
		{443A4722-42E6-4338-AA43-E9F75FC58811} = {0C07A5AF-2E1C-4726-B20F-E17BACD3291E}
		{189A5435-4136-4DD6-A660-16A95F0AD079} = {0C07A5AF-2E1C-4726-B20F-E17BACD3291E}
		{6194C29D-9167-48E4-992C-74AF5849CDB9} = {A25885A7-3352-4696-A290-523A26E0EEC4}
		{91D841F9-6420-433B-B8DC-6E783AE109D4} = {A25885A7-3352-4696-A290-523A26E0EEC4}
	EndGlobalSection
	GlobalSection(ExtensibilityGlobals) = postSolution
		SolutionGuid = {F9E318A1-6D73-446C-A22E-E80E9B1C9D24}
	EndGlobalSection
EndGlobal
